
Microsoft Visual Studio Solution File, Format Version 12.00
# Visual Studio Version 17
VisualStudioVersion = 17.14.36511.14 d17.14
MinimumVisualStudioVersion = 10.0.40219.1
Project("{FAE04EC0-301F-11D3-BF4B-00C04F79EFBC}") = "BankingWinAppForms", "BankingWinAppForms.csproj", "{3A8663CF-BE9D-4AB2-AB4F-4F0B39F207BB}"
EndProject
Global
	GlobalSection(SolutionConfigurationPlatforms) = preSolution
		Debug|Any CPU = Debug|Any CPU
		Release|Any CPU = Release|Any CPU
	EndGlobalSection
	GlobalSection(ProjectConfigurationPlatforms) = postSolution
		{3A8663CF-BE9D-4AB2-AB4F-4F0B39F207BB}.Debug|Any CPU.ActiveCfg = Debug|Any CPU
		{3A8663CF-BE9D-4AB2-AB4F-4F0B39F207BB}.Debug|Any CPU.Build.0 = Debug|Any CPU
		{3A8663CF-BE9D-4AB2-AB4F-4F0B39F207BB}.Release|Any CPU.ActiveCfg = Release|Any CPU
		{3A8663CF-BE9D-4AB2-AB4F-4F0B39F207BB}.Release|Any CPU.Build.0 = Release|Any CPU
	EndGlobalSection
	GlobalSection(SolutionProperties) = preSolution
		HideSolutionNode = FALSE
	EndGlobalSection
	GlobalSection(ExtensibilityGlobals) = postSolution
		SolutionGuid = {0E00028A-C690-4769-8534-95F01E6EDC9D}
	EndGlobalSection
EndGlobal
